# THIS IS AN AUTOGENERATED FILE. DO NOT EDIT THIS FILE DIRECTLY.
assets/ajax-cart.js.liquid:
  development: 2017-06-20T10:49:41+10:00   2bb7e0399d008d38bde115a8f57c8a50
assets/custom-icons.eot:
  development: 2017-06-20T10:49:41+10:00   269f050e3a87f8415ccb481cf63707b9
assets/custom-icons.svg:
  development: 2017-06-20T10:49:41+10:00   0481027c9e8dfdcc4b0c75dbca7a20d4
assets/custom-icons.ttf:
  development: 2017-06-20T10:49:41+10:00   122f9e05eaf63cc7afac351ac1927ec2
assets/custom-icons.woff:
  development: 2017-06-20T10:49:41+10:00   8c822d1977555def6e3ec46452821ece
assets/handlebars.min.js:
  development: 2017-06-20T10:49:42+10:00   b3c11508a224ee83f86e2fc6491e9751
assets/icons.eot:
  development: 2017-06-20T10:49:42+10:00   6499aa740322bffbb6e26ebadf450c4a
assets/icons.json:
  development: 2017-06-20T10:49:42+10:00   6f9018585c3e215e29cef8e390091787
assets/icons.svg:
  development: 2017-06-20T10:49:42+10:00   1f568afd815839eae6eb796a52a497a6
assets/icons.ttf:
  development: 2017-06-20T10:49:43+10:00   0678272006d7b08a523ae6973a72d181
assets/icons.woff:
  development: 2017-06-20T10:49:43+10:00   6d64bee3b4d239a6cf6af98045a95954
assets/jquery.currencies.min.js:
  development: 2017-06-20T10:49:43+10:00   fbda3f892f5bfe99013e90c545ecef31
assets/lazysizes.min.js:
  development: 2017-06-20T10:49:43+10:00   b0b0e99313b8fdb62b75087c569bf8f7
assets/match-media.min.js:
  development: 2017-06-20T10:49:43+10:00   9e431a1a6b7a8c12af2cef5c2a1ce14f
assets/matchMedia.addListener.js:
  development: 2017-06-20T10:49:44+10:00   dd2df503314e099247c2676a4becc575
assets/password-page-background.jpg:
  development: 2017-06-20T10:49:44+10:00   346a66a9cb38ff82ec7d98bf275e7017
assets/password.js:
  development: 2017-06-20T10:49:44+10:00   826956aef3527eb194af49947bd8b2ff
assets/respond-proxy.html:
  development: 2017-06-20T10:49:44+10:00   75002d74a330bff6bf069284da503b4c
assets/respond.min.js:
  development: 2017-06-20T10:49:44+10:00   a2684e9b8fa50d6d11c56a9ada068528
assets/theme.js.liquid:
  development: 2018-02-11T14:51:56+11:00   a8a422ba6f6abec516827809809279b0
assets/theme.scss.liquid:
  development: 2017-06-20T10:49:45+10:00   218e22e9f369dff463c5112fdaf35dde
config/settings_data.json:
  development: 2017-10-02T16:35:14+11:00   08211486af209bc522b184103b24320f
config/settings_schema.json:
  development: 2017-06-20T10:49:45+10:00   fb4bdc4806744f394eca29b315346e8a
layout/theme.liquid:
  development: 2017-06-20T10:49:45+10:00   332187642e703ea4b296a9dc46c5dfe3
locales/en.default.json:
  development: 2017-06-22T10:31:12+10:00   fd397c70aefa3b7c0561cababbcccffc
sections/article-template.liquid:
  development: 2017-06-20T10:49:40+10:00   f7b9650caffe9fc69f748ef9ac39f8b3
sections/background-video.liquid:
  development: 2017-06-20T10:49:40+10:00   d122aaab82a6d841fc6f5af7c504fe19
sections/collection-template.liquid:
  development: 2017-06-20T10:49:40+10:00   17bf9242993ba11f7f4ab1b8bafdd77c
sections/featured-collection.liquid:
  development: 2017-06-20T10:49:40+10:00   cb34bb43c9a46a87dd7cb8248496c52a
sections/featured-image.liquid:
  development: 2017-06-20T10:49:40+10:00   0efa5a691578120bf0f05b21c157108f
sections/featured-product.liquid:
  development: 2017-06-20T10:49:40+10:00   49c1c9f495491b2fa66da80c87ea8ad9
sections/footer.liquid:
  development: 2017-06-22T10:35:34+10:00   04d03d17b8d2eb72b6cd5f6c67427146
sections/header.liquid:
  development: 2017-06-20T10:49:40+10:00   ea6059d9498326e3d0d49eaf6340f7ef
sections/instagram.liquid:
  development: 2017-06-23T15:19:03+10:00   44bf3558e7231debe95763cbdfee5750
sections/newsletter.liquid:
  development: 2017-06-20T10:49:40+10:00   8011c0fb6ca5b4ce563a639285a1c572
sections/password-template.liquid:
  development: 2017-06-20T10:49:40+10:00   823997500e8150ad530c8a9984735504
sections/product-features.liquid:
  development: 2017-06-20T10:49:40+10:00   8dcd7d835a7ae46af10ce0d4bc9e1879
sections/product-template.liquid:
  development: 2017-06-20T10:49:40+10:00   e26fb38b76b8537c39b5ffcb8ea53a34
sections/rich-text-with-media.liquid:
  development: 2017-06-20T10:49:40+10:00   1bcf8b46ef4994e2e8c08c91c1ac3af5
sections/rich-text.liquid:
  development: 2017-06-20T10:49:40+10:00   bbec9935133be9f960e83a614b5516f0
sections/slideshow.liquid:
  development: 2018-02-11T14:51:13+11:00   b9417d501d7032ed46b36b73537097f7
sections/testimonials.liquid:
  development: 2017-06-20T10:49:40+10:00   80c108c2ed0ca6d98521f205c402fdf6
snippets/ajax-cart-template.liquid:
  development: 2017-06-20T10:49:45+10:00   2bd49af8f660368dd65a9846c639508d
snippets/cart-drawer.liquid:
  development: 2017-06-20T10:49:45+10:00   b69855927393e49279928575488a75af
snippets/comment.liquid:
  development: 2017-06-20T10:49:45+10:00   217c4c7ce310ef5af8b2d72fda964895
snippets/currencies.liquid:
  development: 2017-06-20T10:49:45+10:00   8aadc503c36e968d8c95c260892f86eb
snippets/currency-picker.liquid:
  development: 2017-06-20T10:49:45+10:00   2cfe0a89d80347b81ec7442e5f485275
snippets/font-weights.liquid:
  development: 2017-06-20T10:49:45+10:00   1f77b546c78e2784b29dc5f8a2262e03
snippets/footer-copyright.liquid:
  development: 2017-10-02T17:41:58+11:00   257cf39e494c391df8c52ac2f9a9f64d
snippets/footer-javascript.liquid:
  development: 2017-06-20T10:49:45+10:00   4d87243f00327076316fbe8fcf3a5222
snippets/footer-newsletter.liquid:
  development: 2017-06-20T10:49:45+10:00   63ffa7deb92e9c2ce265a4bf992df741
snippets/footer-payment.liquid:
  development: 2017-06-20T10:49:45+10:00   9f12467c602a44b2415dec6c1c70d129
snippets/footer-social.liquid:
  development: 2017-06-20T10:49:45+10:00   85087aeb75938d1b2b443742efca2e48
snippets/google-fonts.liquid:
  development: 2017-06-20T10:49:45+10:00   675669daee972972e5a62307f6de7a38
snippets/grid-logic.liquid:
  development: 2017-06-20T10:49:45+10:00   e246792879e955f9c2c2a65ce16402cf
snippets/header-javascript.liquid:
  development: 2017-06-20T10:49:45+10:00   a1a5f905d45fe46f0393265a4ff78a2b
snippets/nav-drawer.liquid:
  development: 2017-06-20T10:49:45+10:00   e1eba1fd8d2e280469a1464b4095e8d7
snippets/oldIE-js.liquid:
  development: 2017-06-20T10:49:45+10:00   0d88845bb609635fae69ad0840171e17
snippets/onboarding-empty-collection.liquid:
  development: 2017-06-20T10:49:45+10:00   20059319138eff5cde4a965c363da333
snippets/onboarding-featured-product.liquid:
  development: 2017-06-20T10:49:45+10:00   f85ef9c5820737548c2e9a9c18231d35
snippets/placeholder_svg_uri.liquid:
  development: 2017-06-20T10:49:45+10:00   af00ce033cc746765d0213f1e285990e
snippets/popup.liquid:
  development: 2017-06-20T10:49:45+10:00   2c33e90aaaff31385c8123516b66e47b
snippets/product-form.liquid:
  development: 2017-06-20T10:49:45+10:00   ae053794ddbdd730858a874b2565dc3d
snippets/product-grid-item.liquid:
  development: 2017-06-20T10:49:45+10:00   6bf6fe4f055ca267f0c476ff46de5cbc
snippets/product-images.liquid:
  development: 2017-06-20T10:49:45+10:00   6564d0c6e3db9be7eb55fcf322751a1d
snippets/respond.liquid:
  development: 2017-06-20T10:49:45+10:00   95f2405c9cd8cb484fff90c7fd09524f
snippets/search-bar.liquid:
  development: 2017-06-20T10:49:45+10:00   bc43ab7c1e894f7ee013c5f1b6699e15
snippets/site-logo.liquid:
  development: 2017-06-20T10:49:45+10:00   8ca450439c53223fd3e6afd736d2ea5d
snippets/site-nav.liquid:
  development: 2017-06-20T10:49:45+10:00   c56fe44a78024faa186105134160da81
snippets/social-meta-tags.liquid:
  development: 2017-06-20T10:49:45+10:00   6d3ca940aa374ff9a4d2cc17604e3122
snippets/social-sharing.liquid:
  development: 2017-06-20T10:49:45+10:00   8f067cc13985c7cee3622109957d9f8e
snippets/subscription-cart-footer.liquid:
  development: 2017-06-20T10:49:45+10:00   23872673b0527b23a216e4e793f6e288
snippets/subscription-product.liquid:
  development: 2017-06-20T10:49:45+10:00   8c12e660df885acfcce0800c0a915d69
snippets/subscription-theme-footer.liquid:
  development: 2017-06-20T10:49:45+10:00   1d8cc7f2d7c9f1d549334cc16df77a4f
snippets/tags-article.liquid:
  development: 2017-06-20T10:49:45+10:00   583113379768dbe5b5eb4af8845f4ba0
templates/404.liquid:
  development: 2017-06-20T10:49:45+10:00   7f1556c97b463c88cc79351149efebff
templates/article.liquid:
  development: 2017-06-20T10:49:45+10:00   08563437ca9c95766c220339923d2899
templates/blog.liquid:
  development: 2017-06-20T10:49:45+10:00   ddab6161e5df80a112cbeca1fc914f06
templates/cart.liquid:
  development: 2017-06-20T10:49:45+10:00   01172e6f28f2f18d63dadb106fd7f74e
templates/collection.liquid:
  development: 2017-06-20T10:49:45+10:00   f1cfa9fa0a88084d19c50ea943759817
templates/customers/account.liquid:
  development: 2017-06-20T10:49:45+10:00   01a23a6f454e0094956d33247d5c830f
templates/customers/activate_account.liquid:
  development: 2017-06-20T10:49:45+10:00   548669d8d8487c985ba1cb68d0c368da
templates/customers/addresses.liquid:
  development: 2017-06-20T10:49:45+10:00   b735c9d6fd9e21be4455d43bdbd88412
templates/customers/login.liquid:
  development: 2017-06-20T10:49:46+10:00   1b0db418a77d5ad8b7df79690301979b
templates/customers/order.liquid:
  development: 2017-06-20T10:49:46+10:00   8f8ddd62bcb808b0ebc1b169b1ddf98f
templates/customers/register.liquid:
  development: 2017-06-20T10:49:46+10:00   628e323c16e02f7f14ff8a243d06f20a
templates/customers/reset_password.liquid:
  development: 2017-06-20T10:49:46+10:00   d19b0784013ccaee0fcd6087fc0ce86a
templates/gift_card.liquid:
  development: 2017-06-20T10:49:46+10:00   a2b6017f8c9e14788da57ccc448212b4
templates/index.liquid:
  development: 2017-06-20T10:49:46+10:00   1f1cace0ff3b2b3b866d8b553507dc90
templates/list-collections.liquid:
  development: 2017-06-20T10:49:46+10:00   913be8082c83c95f9e8661aef167159b
templates/page.Shipping.liquid:
  development: 2017-09-16T12:43:41+10:00   490a2a339c995e65cf12d42c3b83a630
templates/page.contact.liquid:
  development: 2017-06-20T10:49:46+10:00   490a2a339c995e65cf12d42c3b83a630
templates/page.liquid:
  development: 2017-06-20T10:49:46+10:00   0d2aaf478e4e00c77548144ff88d199a
templates/password.liquid:
  development: 2017-06-20T10:49:46+10:00   7f88ef01a04db68bcf794b4164d8f4f1
templates/product.liquid:
  development: 2017-06-20T10:49:46+10:00   8dc0a5ff5551ec620d64c92ba21689d8
templates/search.liquid:
  development: 2017-06-20T10:49:46+10:00   c12927919818b484e8f7bc35c4d3590e
